
Microsoft Visual Studio Solution File, Format Version 12.00
# Visual Studio Version 17
VisualStudioVersion = 17.4.33213.308
MinimumVisualStudioVersion = 10.0.40219.1
Project("{FAE04EC0-301F-11D3-BF4B-00C04F79EFBC}") = "ConsoleAppFiles", "ConsoleAppFiles.csproj", "{C843CFC8-E40C-4FEA-800F-F0086C110902}"
EndProject
Global
	GlobalSection(SolutionConfigurationPlatforms) = preSolution
		Debug|Any CPU = Debug|Any CPU
		Release|Any CPU = Release|Any CPU
	EndGlobalSection
	GlobalSection(ProjectConfigurationPlatforms) = postSolution
		{C843CFC8-E40C-4FEA-800F-F0086C110902}.Debug|Any CPU.ActiveCfg = Debug|Any CPU
		{C843CFC8-E40C-4FEA-800F-F0086C110902}.Debug|Any CPU.Build.0 = Debug|Any CPU
		{C843CFC8-E40C-4FEA-800F-F0086C110902}.Release|Any CPU.ActiveCfg = Release|Any CPU
		{C843CFC8-E40C-4FEA-800F-F0086C110902}.Release|Any CPU.Build.0 = Release|Any CPU
	EndGlobalSection
	GlobalSection(SolutionProperties) = preSolution
		HideSolutionNode = FALSE
	EndGlobalSection
	GlobalSection(ExtensibilityGlobals) = postSolution
		SolutionGuid = {98EAE303-0532-4646-A2E7-5DB7F297CB1C}
	EndGlobalSection
EndGlobal
